
Microsoft Visual Studio Solution File, Format Version 12.00
# Visual Studio Version 16
VisualStudioVersion = 16.0.31025.194
MinimumVisualStudioVersion = 10.0.40219.1
Project("{FAE04EC0-301F-11D3-BF4B-00C04F79EFBC}") = "DetectCapsLock", "DetectCapsLock.csproj", "{D7D85520-4821-433A-8FF7-E67EB6310E05}"
EndProject
Global
	GlobalSection(SolutionConfigurationPlatforms) = preSolution
		Debug|Any CPU = Debug|Any CPU
		Release|Any CPU = Release|Any CPU
	EndGlobalSection
	GlobalSection(ProjectConfigurationPlatforms) = postSolution
		{D7D85520-4821-433A-8FF7-E67EB6310E05}.Debug|Any CPU.ActiveCfg = Debug|Any CPU
		{D7D85520-4821-433A-8FF7-E67EB6310E05}.Debug|Any CPU.Build.0 = Debug|Any CPU
		{D7D85520-4821-433A-8FF7-E67EB6310E05}.Release|Any CPU.ActiveCfg = Release|Any CPU
		{D7D85520-4821-433A-8FF7-E67EB6310E05}.Release|Any CPU.Build.0 = Release|Any CPU
	EndGlobalSection
	GlobalSection(SolutionProperties) = preSolution
		HideSolutionNode = FALSE
	EndGlobalSection
	GlobalSection(ExtensibilityGlobals) = postSolution
		SolutionGuid = {868A36EA-1C14-4846-A91C-5EE312DCF02F}
	EndGlobalSection
EndGlobal
